
Microsoft Visual Studio Solution File, Format Version 12.00
# Visual Studio Version 17
VisualStudioVersion = 17.10.35013.160
MinimumVisualStudioVersion = 10.0.40219.1
Project("{FAE04EC0-301F-11D3-BF4B-00C04F79EFBC}") = "PizzaApp", "PizzaApp\PizzaApp.csproj", "{349214DA-C774-4111-8BC3-23CF4466AC08}"
EndProject
Global
	GlobalSection(SolutionConfigurationPlatforms) = preSolution
		Debug|Any CPU = Debug|Any CPU
		Release|Any CPU = Release|Any CPU
	EndGlobalSection
	GlobalSection(ProjectConfigurationPlatforms) = postSolution
		{349214DA-C774-4111-8BC3-23CF4466AC08}.Debug|Any CPU.ActiveCfg = Debug|Any CPU
		{349214DA-C774-4111-8BC3-23CF4466AC08}.Debug|Any CPU.Build.0 = Debug|Any CPU
		{349214DA-C774-4111-8BC3-23CF4466AC08}.Release|Any CPU.ActiveCfg = Release|Any CPU
		{349214DA-C774-4111-8BC3-23CF4466AC08}.Release|Any CPU.Build.0 = Release|Any CPU
	EndGlobalSection
	GlobalSection(SolutionProperties) = preSolution
		HideSolutionNode = FALSE
	EndGlobalSection
	GlobalSection(ExtensibilityGlobals) = postSolution
		SolutionGuid = {A590811C-27FB-4D2A-907E-1E5CAA97B9D2}
	EndGlobalSection
EndGlobal
